// !$*UTF8*$!
{
	archiveVersion = 1;
	classes = {
	};
	objectVersion = 50;
	objects = {

/* Begin PBXBuildFile section */
		F78552C12575A6980021A0A9 /* pasteboardApp.swift in Sources */ = {isa = PBXBuildFile; fileRef = F78552C02575A6980021A0A9 /* pasteboardApp.swift */; };
		F78552C32575A6980021A0A9 /* ContentView.swift in Sources */ = {isa = PBXBuildFile; fileRef = F78552C22575A6980021A0A9 /* ContentView.swift */; };
		F78552C52575A69A0021A0A9 /* Assets.xcassets in Resources */ = {isa = PBXBuildFile; fileRef = F78552C42575A69A0021A0A9 /* Assets.xcassets */; };
		F78552C82575A69A0021A0A9 /* Preview Assets.xcassets in Resources */ = {isa = PBXBuildFile; fileRef = F78552C72575A69A0021A0A9 /* Preview Assets.xcassets */; };
		F78552D32575A69A0021A0A9 /* pasteboardTests.swift in Sources */ = {isa = PBXBuildFile; fileRef = F78552D22575A69A0021A0A9 /* pasteboardTests.swift */; };
		F78552DE2575A69A0021A0A9 /* pasteboardUITests.swift in Sources */ = {isa = PBXBuildFile; fileRef = F78552DD2575A69A0021A0A9 /* pasteboardUITests.swift */; };
/* End PBXBuildFile section */

/* Begin PBXContainerItemProxy section */
		F78552CF2575A69A0021A0A9 /* PBXContainerItemProxy */ = {
			isa = PBXContainerItemProxy;
			containerPortal = F78552B52575A6980021A0A9 /* Project object */;
			proxyType = 1;
			remoteGlobalIDString = F78552BC2575A6980021A0A9;
			remoteInfo = pasteboard;
		};
		F78552DA2575A69A0021A0A9 /* PBXContainerItemProxy */ = {
			isa = PBXContainerItemProxy;
			containerPortal = F78552B52575A6980021A0A9 /* Project object */;
			proxyType = 1;
			remoteGlobalIDString = F78552BC2575A6980021A0A9;
			remoteInfo = pasteboard;
		};
/* End PBXContainerItemProxy section */

/* Begin PBXFileReference section */
		F78552BD2575A6980021A0A9 /* pasteboard.app */ = {isa = PBXFileReference; explicitFileType = wrapper.application; includeInIndex = 0; path = pasteboard.app; sourceTree = BUILT_PRODUCTS_DIR; };
		F78552C02575A6980021A0A9 /* pasteboardApp.swift */ = {isa = PBXFileReference; lastKnownFileType = sourcecode.swift; path = pasteboardApp.swift; sourceTree = "<group>"; };
		F78552C22575A6980021A0A9 /* ContentView.swift */ = {isa = PBXFileReference; lastKnownFileType = sourcecode.swift; path = ContentView.swift; sourceTree = "<group>"; };
		F78552C42575A69A0021A0A9 /* Assets.xcassets */ = {isa = PBXFileReference; lastKnownFileType = folder.assetcatalog; path = Assets.xcassets; sourceTree = "<group>"; };
		F78552C72575A69A0021A0A9 /* Preview Assets.xcassets */ = {isa = PBXFileReference; lastKnownFileType = folder.assetcatalog; path = "Preview Assets.xcassets"; sourceTree = "<group>"; };
		F78552C92575A69A0021A0A9 /* Info.plist */ = {isa = PBXFileReference; lastKnownFileType = text.plist.xml; path = Info.plist; sourceTree = "<group>"; };
		F78552CE2575A69A0021A0A9 /* pasteboardTests.xctest */ = {isa = PBXFileReference; explicitFileType = wrapper.cfbundle; includeInIndex = 0; path = pasteboardTests.xctest; sourceTree = BUILT_PRODUCTS_DIR; };
		F78552D22575A69A0021A0A9 /* pasteboardTests.swift */ = {isa = PBXFileReference; lastKnownFileType = sourcecode.swift; path = pasteboardTests.swift; sourceTree = "<group>"; };
		F78552D42575A69A0021A0A9 /* Info.plist */ = {isa = PBXFileReference; lastKnownFileType = text.plist.xml; path = Info.plist; sourceTree = "<group>"; };
		F78552D92575A69A0021A0A9 /* pasteboardUITests.xctest */ = {isa = PBXFileReference; explicitFileType = wrapper.cfbundle; includeInIndex = 0; path = pasteboardUITests.xctest; sourceTree = BUILT_PRODUCTS_DIR; };
		F78552DD2575A69A0021A0A9 /* pasteboardUITests.swift */ = {isa = PBXFileReference; lastKnownFileType = sourcecode.swift; path = pasteboardUITests.swift; sourceTree = "<group>"; };
		F78552DF2575A69A0021A0A9 /* Info.plist */ = {isa = PBXFileReference; lastKnownFileType = text.plist.xml; path = Info.plist; sourceTree = "<group>"; };
/* End PBXFileReference section */

/* Begin PBXFrameworksBuildPhase section */
		F78552BA2575A6980021A0A9 /* Frameworks */ = {
			isa = PBXFrameworksBuildPhase;
			buildActionMask = 2147483647;
			files = (
			);
			runOnlyForDeploymentPostprocessing = 0;
		};
		F78552CB2575A69A0021A0A9 /* Frameworks */ = {
			isa = PBXFrameworksBuildPhase;
			buildActionMask = 2147483647;
			files = (
			);
			runOnlyForDeploymentPostprocessing = 0;
		};
		F78552D62575A69A0021A0A9 /* Frameworks */ = {
			isa = PBXFrameworksBuildPhase;
			buildActionMask = 2147483647;
			files = (
			);
			runOnlyForDeploymentPostprocessing = 0;
		};
/* End PBXFrameworksBuildPhase section */

/* Begin PBXGroup section */
		F78552B42575A6980021A0A9 = {
			isa = PBXGroup;
			children = (
				F78552BF2575A6980021A0A9 /* pasteboard */,
				F78552D12575A69A0021A0A9 /* pasteboardTests */,
				F78552DC2575A69A0021A0A9 /* pasteboardUITests */,
				F78552BE2575A6980021A0A9 /* Products */,
			);
			sourceTree = "<group>";
		};
		F78552BE2575A6980021A0A9 /* Products */ = {
			isa = PBXGroup;
			children = (
				F78552BD2575A6980021A0A9 /* pasteboard.app */,
				F78552CE2575A69A0021A0A9 /* pasteboardTests.xctest */,
				F78552D92575A69A0021A0A9 /* pasteboardUITests.xctest */,
			);
			name = Products;
			sourceTree = "<group>";
		};
		F78552BF2575A6980021A0A9 /* pasteboard */ = {
			isa = PBXGroup;
			children = (
				F78552C02575A6980021A0A9 /* pasteboardApp.swift */,
				F78552C22575A6980021A0A9 /* ContentView.swift */,
				F78552C42575A69A0021A0A9 /* Assets.xcassets */,
				F78552C92575A69A0021A0A9 /* Info.plist */,
				F78552C62575A69A0021A0A9 /* Preview Content */,
			);
			path = pasteboard;
			sourceTree = "<group>";
		};
		F78552C62575A69A0021A0A9 /* Preview Content */ = {
			isa = PBXGroup;
			children = (
				F78552C72575A69A0021A0A9 /* Preview Assets.xcassets */,
			);
			path = "Preview Content";
			sourceTree = "<group>";
		};
		F78552D12575A69A0021A0A9 /* pasteboardTests */ = {
			isa = PBXGroup;
			children = (
				F78552D22575A69A0021A0A9 /* pasteboardTests.swift */,
				F78552D42575A69A0021A0A9 /* Info.plist */,
			);
			path = pasteboardTests;
			sourceTree = "<group>";
		};
		F78552DC2575A69A0021A0A9 /* pasteboardUITests */ = {
			isa = PBXGroup;
			children = (
				F78552DD2575A69A0021A0A9 /* pasteboardUITests.swift */,
				F78552DF2575A69A0021A0A9 /* Info.plist */,
			);
			path = pasteboardUITests;
			sourceTree = "<group>";
		};
/* End PBXGroup section */

/* Begin PBXNativeTarget section */
		F78552BC2575A6980021A0A9 /* pasteboard */ = {
			isa = PBXNativeTarget;
			buildConfigurationList = F78552E22575A69A0021A0A9 /* Build configuration list for PBXNativeTarget "pasteboard" */;
			buildPhases = (
				F78552B92575A6980021A0A9 /* Sources */,
				F78552BA2575A6980021A0A9 /* Frameworks */,
				F78552BB2575A6980021A0A9 /* Resources */,
			);
			buildRules = (
			);
			dependencies = (
			);
			name = pasteboard;
			productName = pasteboard;
			productReference = F78552BD2575A6980021A0A9 /* pasteboard.app */;
			productType = "com.apple.product-type.application";
		};
		F78552CD2575A69A0021A0A9 /* pasteboardTests */ = {
			isa = PBXNativeTarget;
			buildConfigurationList = F78552E52575A69A0021A0A9 /* Build configuration list for PBXNativeTarget "pasteboardTests" */;
			buildPhases = (
				F78552CA2575A69A0021A0A9 /* Sources */,
				F78552CB2575A69A0021A0A9 /* Frameworks */,
				F78552CC2575A69A0021A0A9 /* Resources */,
			);
			buildRules = (
			);
			dependencies = (
				F78552D02575A69A0021A0A9 /* PBXTargetDependency */,
			);
			name = pasteboardTests;
			productName = pasteboardTests;
			productReference = F78552CE2575A69A0021A0A9 /* pasteboardTests.xctest */;
			productType = "com.apple.product-type.bundle.unit-test";
		};
		F78552D82575A69A0021A0A9 /* pasteboardUITests */ = {
			isa = PBXNativeTarget;
			buildConfigurationList = F78552E82575A69A0021A0A9 /* Build configuration list for PBXNativeTarget "pasteboardUITests" */;
			buildPhases = (
				F78552D52575A69A0021A0A9 /* Sources */,
				F78552D62575A69A0021A0A9 /* Frameworks */,
				F78552D72575A69A0021A0A9 /* Resources */,
			);
			buildRules = (
			);
			dependencies = (
				F78552DB2575A69A0021A0A9 /* PBXTargetDependency */,
			);
			name = pasteboardUITests;
			productName = pasteboardUITests;
			productReference = F78552D92575A69A0021A0A9 /* pasteboardUITests.xctest */;
			productType = "com.apple.product-type.bundle.ui-testing";
		};
/* End PBXNativeTarget section */

/* Begin PBXProject section */
		F78552B52575A6980021A0A9 /* Project object */ = {
			isa = PBXProject;
			attributes = {
				LastSwiftUpdateCheck = 1220;
				LastUpgradeCheck = 1220;
				TargetAttributes = {
					F78552BC2575A6980021A0A9 = {
						CreatedOnToolsVersion = 12.2;
					};
					F78552CD2575A69A0021A0A9 = {
						CreatedOnToolsVersion = 12.2;
						TestTargetID = F78552BC2575A6980021A0A9;
					};
					F78552D82575A69A0021A0A9 = {
						CreatedOnToolsVersion = 12.2;
						TestTargetID = F78552BC2575A6980021A0A9;
					};
				};
			};
			buildConfigurationList = F78552B82575A6980021A0A9 /* Build configuration list for PBXProject "pasteboard" */;
			compatibilityVersion = "Xcode 9.3";
			developmentRegion = en;
			hasScannedForEncodings = 0;
			knownRegions = (
				en,
				Base,
			);
			mainGroup = F78552B42575A6980021A0A9;
			productRefGroup = F78552BE2575A6980021A0A9 /* Products */;
			projectDirPath = "";
			projectRoot = "";
			targets = (
				F78552BC2575A6980021A0A9 /* pasteboard */,
				F78552CD2575A69A0021A0A9 /* pasteboardTests */,
				F78552D82575A69A0021A0A9 /* pasteboardUITests */,
			);
		};
/* End PBXProject section */

/* Begin PBXResourcesBuildPhase section */
		F78552BB2575A6980021A0A9 /* Resources */ = {
			isa = PBXResourcesBuildPhase;
			buildActionMask = 2147483647;
			files = (
				F78552C82575A69A0021A0A9 /* Preview Assets.xcassets in Resources */,
				F78552C52575A69A0021A0A9 /* Assets.xcassets in Resources */,
			);
			runOnlyForDeploymentPostprocessing = 0;
		};
		F78552CC2575A69A0021A0A9 /* Resources */ = {
			isa = PBXResourcesBuildPhase;
			buildActionMask = 2147483647;
			files = (
			);
			runOnlyForDeploymentPostprocessing = 0;
		};
		F78552D72575A69A0021A0A9 /* Resources */ = {
			isa = PBXResourcesBuildPhase;
			buildActionMask = 2147483647;
			files = (
			);
			runOnlyForDeploymentPostprocessing = 0;
		};
/* End PBXResourcesBuildPhase section */

/* Begin PBXSourcesBuildPhase section */
		F78552B92575A6980021A0A9 /* Sources */ = {
			isa = PBXSourcesBuildPhase;
			buildActionMask = 2147483647;
			files = (
				F78552C32575A6980021A0A9 /* ContentView.swift in Sources */,
				F78552C12575A6980021A0A9 /* pasteboardApp.swift in Sources */,
			);
			runOnlyForDeploymentPostprocessing = 0;
		};
		F78552CA2575A69A0021A0A9 /* Sources */ = {
			isa = PBXSourcesBuildPhase;
			buildActionMask = 2147483647;
			files = (
				F78552D32575A69A0021A0A9 /* pasteboardTests.swift in Sources */,
			);
			runOnlyForDeploymentPostprocessing = 0;
		};
		F78552D52575A69A0021A0A9 /* Sources */ = {
			isa = PBXSourcesBuildPhase;
			buildActionMask = 2147483647;
			files = (
				F78552DE2575A69A0021A0A9 /* pasteboardUITests.swift in Sources */,
			);
			runOnlyForDeploymentPostprocessing = 0;
		};
/* End PBXSourcesBuildPhase section */

/* Begin PBXTargetDependency section */
		F78552D02575A69A0021A0A9 /* PBXTargetDependency */ = {
			isa = PBXTargetDependency;
			target = F78552BC2575A6980021A0A9 /* pasteboard */;
			targetProxy = F78552CF2575A69A0021A0A9 /* PBXContainerItemProxy */;
		};
		F78552DB2575A69A0021A0A9 /* PBXTargetDependency */ = {
			isa = PBXTargetDependency;
			target = F78552BC2575A6980021A0A9 /* pasteboard */;
			targetProxy = F78552DA2575A69A0021A0A9 /* PBXContainerItemProxy */;
		};
/* End PBXTargetDependency section */

/* Begin XCBuildConfiguration section */
		F78552E02575A69A0021A0A9 /* Debug */ = {
			isa = XCBuildConfiguration;
			buildSettings = {
				ALWAYS_SEARCH_USER_PATHS = NO;
				CLANG_ANALYZER_NONNULL = YES;
				CLANG_ANALYZER_NUMBER_OBJECT_CONVERSION = YES_AGGRESSIVE;
				CLANG_CXX_LANGUAGE_STANDARD = "gnu++14";
				CLANG_CXX_LIBRARY = "libc++";
				CLANG_ENABLE_MODULES = YES;
				CLANG_ENABLE_OBJC_ARC = YES;
				CLANG_ENABLE_OBJC_WEAK = YES;
				CLANG_WARN_BLOCK_CAPTURE_AUTORELEASING = YES;
				CLANG_WARN_BOOL_CONVERSION = YES;
				CLANG_WARN_COMMA = YES;
				CLANG_WARN_CONSTANT_CONVERSION = YES;
				CLANG_WARN_DEPRECATED_OBJC_IMPLEMENTATIONS = YES;
				CLANG_WARN_DIRECT_OBJC_ISA_USAGE = YES_ERROR;
				CLANG_WARN_DOCUMENTATION_COMMENTS = YES;
				CLANG_WARN_EMPTY_BODY = YES;
				CLANG_WARN_ENUM_CONVERSION = YES;
				CLANG_WARN_INFINITE_RECURSION = YES;
				CLANG_WARN_INT_CONVERSION = YES;
				CLANG_WARN_NON_LITERAL_NULL_CONVERSION = YES;
				CLANG_WARN_OBJC_IMPLICIT_RETAIN_SELF = YES;
				CLANG_WARN_OBJC_LITERAL_CONVERSION = YES;
				CLANG_WARN_OBJC_ROOT_CLASS = YES_ERROR;
				CLANG_WARN_QUOTED_INCLUDE_IN_FRAMEWORK_HEADER = YES;
				CLANG_WARN_RANGE_LOOP_ANALYSIS = YES;
				CLANG_WARN_STRICT_PROTOTYPES = YES;
				CLANG_WARN_SUSPICIOUS_MOVE = YES;
				CLANG_WARN_UNGUARDED_AVAILABILITY = YES_AGGRESSIVE;
				CLANG_WARN_UNREACHABLE_CODE = YES;
				CLANG_WARN__DUPLICATE_METHOD_MATCH = YES;
				COPY_PHASE_STRIP = NO;
				DEBUG_INFORMATION_FORMAT = dwarf;
				ENABLE_STRICT_OBJC_MSGSEND = YES;
				ENABLE_TESTABILITY = YES;
				GCC_C_LANGUAGE_STANDARD = gnu11;
				GCC_DYNAMIC_NO_PIC = NO;
				GCC_NO_COMMON_BLOCKS = YES;
				GCC_OPTIMIZATION_LEVEL = 0;
				GCC_PREPROCESSOR_DEFINITIONS = (
					"DEBUG=1",
					"$(inherited)",
				);
				GCC_WARN_64_TO_32_BIT_CONVERSION = YES;
				GCC_WARN_ABOUT_RETURN_TYPE = YES_ERROR;
				GCC_WARN_UNDECLARED_SELECTOR = YES;
				GCC_WARN_UNINITIALIZED_AUTOS = YES_AGGRESSIVE;
				GCC_WARN_UNUSED_FUNCTION = YES;
				GCC_WARN_UNUSED_VARIABLE = YES;
				IPHONEOS_DEPLOYMENT_TARGET = 14.2;
				MTL_ENABLE_DEBUG_INFO = INCLUDE_SOURCE;
				MTL_FAST_MATH = YES;
				ONLY_ACTIVE_ARCH = YES;
				SDKROOT = iphoneos;
				SWIFT_ACTIVE_COMPILATION_CONDITIONS = DEBUG;
				SWIFT_OPTIMIZATION_LEVEL = "-Onone";
			};
			name = Debug;
		};
		F78552E12575A69A0021A0A9 /* Release */ = {
			isa = XCBuildConfiguration;
			buildSettings = {
				ALWAYS_SEARCH_USER_PATHS = NO;
				CLANG_ANALYZER_NONNULL = YES;
				CLANG_ANALYZER_NUMBER_OBJECT_CONVERSION = YES_AGGRESSIVE;
				CLANG_CXX_LANGUAGE_STANDARD = "gnu++14";
				CLANG_CXX_LIBRARY = "libc++";
				CLANG_ENABLE_MODULES = YES;
				CLANG_ENABLE_OBJC_ARC = YES;
				CLANG_ENABLE_OBJC_WEAK = YES;
				CLANG_WARN_BLOCK_CAPTURE_AUTORELEASING = YES;
				CLANG_WARN_BOOL_CONVERSION = YES;
				CLANG_WARN_COMMA = YES;
				CLANG_WARN_CONSTANT_CONVERSION = YES;
				CLANG_WARN_DEPRECATED_OBJC_IMPLEMENTATIONS = YES;
				CLANG_WARN_DIRECT_OBJC_ISA_USAGE = YES_ERROR;
				CLANG_WARN_DOCUMENTATION_COMMENTS = YES;
				CLANG_WARN_EMPTY_BODY = YES;
				CLANG_WARN_ENUM_CONVERSION = YES;
				CLANG_WARN_INFINITE_RECURSION = YES;
				CLANG_WARN_INT_CONVERSION = YES;
				CLANG_WARN_NON_LITERAL_NULL_CONVERSION = YES;
				CLANG_WARN_OBJC_IMPLICIT_RETAIN_SELF = YES;
				CLANG_WARN_OBJC_LITERAL_CONVERSION = YES;
				CLANG_WARN_OBJC_ROOT_CLASS = YES_ERROR;
				CLANG_WARN_QUOTED_INCLUDE_IN_FRAMEWORK_HEADER = YES;
				CLANG_WARN_RANGE_LOOP_ANALYSIS = YES;
				CLANG_WARN_STRICT_PROTOTYPES = YES;
				CLANG_WARN_SUSPICIOUS_MOVE = YES;
				CLANG_WARN_UNGUARDED_AVAILABILITY = YES_AGGRESSIVE;
				CLANG_WARN_UNREACHABLE_CODE = YES;
				CLANG_WARN__DUPLICATE_METHOD_MATCH = YES;
				COPY_PHASE_STRIP = NO;
				DEBUG_INFORMATION_FORMAT = "dwarf-with-dsym";
				ENABLE_NS_ASSERTIONS = NO;
				ENABLE_STRICT_OBJC_MSGSEND = YES;
				GCC_C_LANGUAGE_STANDARD = gnu11;
				GCC_NO_COMMON_BLOCKS = YES;
				GCC_WARN_64_TO_32_BIT_CONVERSION = YES;
				GCC_WARN_ABOUT_RETURN_TYPE = YES_ERROR;
				GCC_WARN_UNDECLARED_SELECTOR = YES;
				GCC_WARN_UNINITIALIZED_AUTOS = YES_AGGRESSIVE;
				GCC_WARN_UNUSED_FUNCTION = YES;
				GCC_WARN_UNUSED_VARIABLE = YES;
				IPHONEOS_DEPLOYMENT_TARGET = 14.2;
				MTL_ENABLE_DEBUG_INFO = NO;
				MTL_FAST_MATH = YES;
				SDKROOT = iphoneos;
				SWIFT_COMPILATION_MODE = wholemodule;
				SWIFT_OPTIMIZATION_LEVEL = "-O";
				VALIDATE_PRODUCT = YES;
			};
			name = Release;
		};
		F78552E32575A69A0021A0A9 /* Debug */ = {
			isa = XCBuildConfiguration;
			buildSettings = {
				ASSETCATALOG_COMPILER_APPICON_NAME = AppIcon;
				ASSETCATALOG_COMPILER_GLOBAL_ACCENT_COLOR_NAME = AccentColor;
				CODE_SIGN_STYLE = Automatic;
				DEVELOPMENT_ASSET_PATHS = "\"pasteboard/Preview Content\"";
				DEVELOPMENT_TEAM = 6HRTG2799D;
				ENABLE_PREVIEWS = YES;
				INFOPLIST_FILE = pasteboard/Info.plist;
				IPHONEOS_DEPLOYMENT_TARGET = 14.0;
				LD_RUNPATH_SEARCH_PATHS = (
					"$(inherited)",
					"@executable_path/Frameworks",
				);
				PRODUCT_BUNDLE_IDENTIFIER = nickfunk.pasteboard;
				PRODUCT_NAME = "$(TARGET_NAME)";
				SWIFT_VERSION = 5.0;
				TARGETED_DEVICE_FAMILY = "1,2";
			};
			name = Debug;
		};
		F78552E42575A69A0021A0A9 /* Release */ = {
			isa = XCBuildConfiguration;
			buildSettings = {
				ASSETCATALOG_COMPILER_APPICON_NAME = AppIcon;
				ASSETCATALOG_COMPILER_GLOBAL_ACCENT_COLOR_NAME = AccentColor;
				CODE_SIGN_STYLE = Automatic;
				DEVELOPMENT_ASSET_PATHS = "\"pasteboard/Preview Content\"";
				DEVELOPMENT_TEAM = 6HRTG2799D;
				ENABLE_PREVIEWS = YES;
				INFOPLIST_FILE = pasteboard/Info.plist;
				IPHONEOS_DEPLOYMENT_TARGET = 14.0;
				LD_RUNPATH_SEARCH_PATHS = (
					"$(inherited)",
					"@executable_path/Frameworks",
				);
				PRODUCT_BUNDLE_IDENTIFIER = nickfunk.pasteboard;
				PRODUCT_NAME = "$(TARGET_NAME)";
				SWIFT_VERSION = 5.0;
				TARGETED_DEVICE_FAMILY = "1,2";
			};
			name = Release;
		};
		F78552E62575A69A0021A0A9 /* Debug */ = {
			isa = XCBuildConfiguration;
			buildSettings = {
				ALWAYS_EMBED_SWIFT_STANDARD_LIBRARIES = YES;
				BUNDLE_LOADER = "$(TEST_HOST)";
				CODE_SIGN_STYLE = Automatic;
				INFOPLIST_FILE = pasteboardTests/Info.plist;
				IPHONEOS_DEPLOYMENT_TARGET = 14.0;
				LD_RUNPATH_SEARCH_PATHS = (
					"$(inherited)",
					"@executable_path/Frameworks",
					"@loader_path/Frameworks",
				);
				PRODUCT_BUNDLE_IDENTIFIER = nickfunk.pasteboardTests;
				PRODUCT_NAME = "$(TARGET_NAME)";
				SWIFT_VERSION = 5.0;
				TARGETED_DEVICE_FAMILY = "1,2";
				TEST_HOST = "$(BUILT_PRODUCTS_DIR)/pasteboard.app/pasteboard";
			};
			name = Debug;
		};
		F78552E72575A69A0021A0A9 /* Release */ = {
			isa = XCBuildConfiguration;
			buildSettings = {
				ALWAYS_EMBED_SWIFT_STANDARD_LIBRARIES = YES;
				BUNDLE_LOADER = "$(TEST_HOST)";
				CODE_SIGN_STYLE = Automatic;
				INFOPLIST_FILE = pasteboardTests/Info.plist;
				IPHONEOS_DEPLOYMENT_TARGET = 14.0;
				LD_RUNPATH_SEARCH_PATHS = (
					"$(inherited)",
					"@executable_path/Frameworks",
					"@loader_path/Frameworks",
				);
				PRODUCT_BUNDLE_IDENTIFIER = nickfunk.pasteboardTests;
				PRODUCT_NAME = "$(TARGET_NAME)";
				SWIFT_VERSION = 5.0;
				TARGETED_DEVICE_FAMILY = "1,2";
				TEST_HOST = "$(BUILT_PRODUCTS_DIR)/pasteboard.app/pasteboard";
			};
			name = Release;
		};
		F78552E92575A69A0021A0A9 /* Debug */ = {
			isa = XCBuildConfiguration;
			buildSettings = {
				ALWAYS_EMBED_SWIFT_STANDARD_LIBRARIES = YES;
				CODE_SIGN_STYLE = Automatic;
				INFOPLIST_FILE = pasteboardUITests/Info.plist;
				LD_RUNPATH_SEARCH_PATHS = (
					"$(inherited)",
					"@executable_path/Frameworks",
					"@loader_path/Frameworks",
				);
				PRODUCT_BUNDLE_IDENTIFIER = nickfunk.pasteboardUITests;
				PRODUCT_NAME = "$(TARGET_NAME)";
				SWIFT_VERSION = 5.0;
				TARGETED_DEVICE_FAMILY = "1,2";
				TEST_TARGET_NAME = pasteboard;
			};
			name = Debug;
		};
		F78552EA2575A69A0021A0A9 /* Release */ = {
			isa = XCBuildConfiguration;
			buildSettings = {
				ALWAYS_EMBED_SWIFT_STANDARD_LIBRARIES = YES;
				CODE_SIGN_STYLE = Automatic;
				INFOPLIST_FILE = pasteboardUITests/Info.plist;
				LD_RUNPATH_SEARCH_PATHS = (
					"$(inherited)",
					"@executable_path/Frameworks",
					"@loader_path/Frameworks",
				);
				PRODUCT_BUNDLE_IDENTIFIER = nickfunk.pasteboardUITests;
				PRODUCT_NAME = "$(TARGET_NAME)";
				SWIFT_VERSION = 5.0;
				TARGETED_DEVICE_FAMILY = "1,2";
				TEST_TARGET_NAME = pasteboard;
			};
			name = Release;
		};
/* End XCBuildConfiguration section */

/* Begin XCConfigurationList section */
		F78552B82575A6980021A0A9 /* Build configuration list for PBXProject "pasteboard" */ = {
			isa = XCConfigurationList;
			buildConfigurations = (
				F78552E02575A69A0021A0A9 /* Debug */,
				F78552E12575A69A0021A0A9 /* Release */,
			);
			defaultConfigurationIsVisible = 0;
			defaultConfigurationName = Release;
		};
		F78552E22575A69A0021A0A9 /* Build configuration list for PBXNativeTarget "pasteboard" */ = {
			isa = XCConfigurationList;
			buildConfigurations = (
				F78552E32575A69A0021A0A9 /* Debug */,
				F78552E42575A69A0021A0A9 /* Release */,
			);
			defaultConfigurationIsVisible = 0;
			defaultConfigurationName = Release;
		};
		F78552E52575A69A0021A0A9 /* Build configuration list for PBXNativeTarget "pasteboardTests" */ = {
			isa = XCConfigurationList;
			buildConfigurations = (
				F78552E62575A69A0021A0A9 /* Debug */,
				F78552E72575A69A0021A0A9 /* Release */,
			);
			defaultConfigurationIsVisible = 0;
			defaultConfigurationName = Release;
		};
		F78552E82575A69A0021A0A9 /* Build configuration list for PBXNativeTarget "pasteboardUITests" */ = {
			isa = XCConfigurationList;
			buildConfigurations = (
				F78552E92575A69A0021A0A9 /* Debug */,
				F78552EA2575A69A0021A0A9 /* Release */,
			);
			defaultConfigurationIsVisible = 0;
			defaultConfigurationName = Release;
		};
/* End XCConfigurationList section */
	};
	rootObject = F78552B52575A6980021A0A9 /* Project object */;
}
